
Microsoft Visual Studio Solution File, Format Version 12.00
# Visual Studio Version 17
VisualStudioVersion = 17.2.32526.322
MinimumVisualStudioVersion = 10.0.40219.1
Project("{FAE04EC0-301F-11D3-BF4B-00C04F79EFBC}") = "BasicCoreProgram", "BasicCoreProgram\BasicCoreProgram.csproj", "{CBEAB4C4-8AB5-4384-871E-CAE1C67A6C5E}"
EndProject
Global
	GlobalSection(SolutionConfigurationPlatforms) = preSolution
		Debug|Any CPU = Debug|Any CPU
		Release|Any CPU = Release|Any CPU
	EndGlobalSection
	GlobalSection(ProjectConfigurationPlatforms) = postSolution
		{CBEAB4C4-8AB5-4384-871E-CAE1C67A6C5E}.Debug|Any CPU.ActiveCfg = Debug|Any CPU
		{CBEAB4C4-8AB5-4384-871E-CAE1C67A6C5E}.Debug|Any CPU.Build.0 = Debug|Any CPU
		{CBEAB4C4-8AB5-4384-871E-CAE1C67A6C5E}.Release|Any CPU.ActiveCfg = Release|Any CPU
		{CBEAB4C4-8AB5-4384-871E-CAE1C67A6C5E}.Release|Any CPU.Build.0 = Release|Any CPU
	EndGlobalSection
	GlobalSection(SolutionProperties) = preSolution
		HideSolutionNode = FALSE
	EndGlobalSection
	GlobalSection(ExtensibilityGlobals) = postSolution
		SolutionGuid = {C082D934-9D25-4613-8EC5-E753EE56B009}
	EndGlobalSection
EndGlobal
